{
  "name": "imgloader",
  "version": "1.0.0",
  "lockfileVersion": 1,
  "requires": true,
  "dependencies": {
    "pngjs": {
      "version": "7.0.0",
      "resolved": "https://registry.npmjs.org/pngjs/-/pngjs-7.0.0.tgz",
      "integrity": "sha512-LKWqWJRhstyYo9pGvgor/ivk2w94eSjE3RGVuzLGlr3NmD8bf7RcYGze1mNdEHRP6TRP6rMuDHk5t44hnTRyow=="
    },
    "rptd-core": {
      "version": "1.2.7",
      "resolved": "https://registry.npmjs.org/rptd-core/-/rptd-core-1.2.7.tgz",
      "integrity": "sha512-/3b0wZU2XT4jblqlGXvGs4usDcrT6iWlOL8zxLBgotB7GH3muD4Liq1KWo8eL+kgYOZcLKZLO+ZVwV6LYrzkGQ=="
    }
  }
}
